{
  "name": "questdb-tca-web",
  "version": "1.0.0",
  "lockfileVersion": 3,
  "requires": true,
  "packages": {
    "": {
      "name": "questdb-tca-web",
      "version": "1.0.0",
      "dependencies": {
        "@questdb/nodejs-client": "file:../../../questdb/nodejs-questdb-client/packages/nodejs-client"
      }
    },
    "../../../questdb/nodejs-questdb-client/packages/nodejs-client": {
      "name": "@questdb/nodejs-client",
      "version": "5.0.0",
      "license": "Apache-2.0",
      "dependencies": {
        "undici": "^7.8.0",
        "ws": "^8.21.3"
      },
      "engines": {
        "node": ">=20.18.1"
      }
    },
    "node_modules/@questdb/nodejs-client": {
      "resolved": "../../../questdb/nodejs-questdb-client/packages/nodejs-client",
      "link": true
    }
  }
}
